PODS:
  - Flutter (1.0.0)
  - flutter_growingio_track (0.0.1):
    - Flutter
  - FlutterPluginRegistrant (0.0.1):
    - Flutter
    - flutter_growingio_track
  - Growing (2.6.7)
  - GrowingCoreKit (2.6.7):
    - Growing (~> 2.6.7)

DEPENDENCIES:
  - Flutter (from `../my_flutter/.ios/Flutter/engine`)
  - flutter_growingio_track (from `../my_flutter/.ios/Flutter/.symlinks/flutter_growingio_track/ios`)
  - FlutterPluginRegistrant (from `../my_flutter/.ios/Flutter/FlutterPluginRegistrant`)
  - GrowingCoreKit

SPEC REPOS:
  https://github.com/cocoapods/specs.git:
    - Growing
    - GrowingCoreKit

EXTERNAL SOURCES:
  Flutter:
    :path: "../my_flutter/.ios/Flutter/engine"
  flutter_growingio_track:
    :path: "../my_flutter/.ios/Flutter/.symlinks/flutter_growingio_track/ios"
  FlutterPluginRegistrant:
    :path: "../my_flutter/.ios/Flutter/FlutterPluginRegistrant"

SPEC CHECKSUMS:
  Flutter: 9d0fac939486c9aba2809b7982dfdbb47a7b0296
  flutter_growingio_track: 0198142e08415d10366b7cdfb1fbf0be2bc0c3be
  FlutterPluginRegistrant: e9c15a3c0c1fbfb3372a4bdc243a18c843ba9bf1
  Growing: 8de664bdd8d1ea3cdfda60cb2cc8cac94a006708
  GrowingCoreKit: 3fcfbb301e8dfc5a408d17e5add7421a3556157c

PODFILE CHECKSUM: 3155065565f57302894edd69dd02d943faf50ba7

COCOAPODS: 1.5.3
